
Microsoft Visual Studio Solution File, Format Version 12.00
# Visual Studio 15
VisualStudioVersion = 15.0.28307.1022
MinimumVisualStudioVersion = 10.0.40219.1
Project("{8BC9CEB8-8B4A-11D0-8D11-00A0C91BC942}") = "ManagedWrapperForAsmJit", "ManagedWrapperForAsmJit\ManagedWrapperForAsmJit.vcxproj", "{76E8B8EF-43F0-4272-9A95-8E6E20EEAFE6}"
	ProjectSection(ProjectDependencies) = postProject
		{C2935447-E6CD-4F9D-8561-FE372440CAEE} = {C2935447-E6CD-4F9D-8561-FE372440CAEE}
	EndProjectSection
EndProject
Project("{8BC9CEB8-8B4A-11D0-8D11-00A0C91BC942}") = "asmjit", "asmjit\asmjit.vcxproj", "{C2935447-E6CD-4F9D-8561-FE372440CAEE}"
EndProject
Project("{FAE04EC0-301F-11D3-BF4B-00C04F79EFBC}") = "Test", "Test\Test.csproj", "{241038E2-FF9B-41C8-B93C-8057AC32F06D}"
EndProject
Global
	GlobalSection(SolutionConfigurationPlatforms) = preSolution
		Debug|Any CPU = Debug|Any CPU
		Debug|x64 = Debug|x64
		Debug|x86 = Debug|x86
		Release|Any CPU = Release|Any CPU
		Release|x64 = Release|x64
		Release|x86 = Release|x86
	EndGlobalSection
	GlobalSection(ProjectConfigurationPlatforms) = postSolution
		{76E8B8EF-43F0-4272-9A95-8E6E20EEAFE6}.Debug|Any CPU.ActiveCfg = Debug|Win32
		{76E8B8EF-43F0-4272-9A95-8E6E20EEAFE6}.Debug|x64.ActiveCfg = Debug|x64
		{76E8B8EF-43F0-4272-9A95-8E6E20EEAFE6}.Debug|x64.Build.0 = Debug|x64
		{76E8B8EF-43F0-4272-9A95-8E6E20EEAFE6}.Debug|x86.ActiveCfg = Debug|Win32
		{76E8B8EF-43F0-4272-9A95-8E6E20EEAFE6}.Debug|x86.Build.0 = Debug|Win32
		{76E8B8EF-43F0-4272-9A95-8E6E20EEAFE6}.Release|Any CPU.ActiveCfg = Release|Win32
		{76E8B8EF-43F0-4272-9A95-8E6E20EEAFE6}.Release|x64.ActiveCfg = Release|x64
		{76E8B8EF-43F0-4272-9A95-8E6E20EEAFE6}.Release|x64.Build.0 = Release|x64
		{76E8B8EF-43F0-4272-9A95-8E6E20EEAFE6}.Release|x86.ActiveCfg = Release|Win32
		{76E8B8EF-43F0-4272-9A95-8E6E20EEAFE6}.Release|x86.Build.0 = Release|Win32
		{C2935447-E6CD-4F9D-8561-FE372440CAEE}.Debug|Any CPU.ActiveCfg = Debug|Win32
		{C2935447-E6CD-4F9D-8561-FE372440CAEE}.Debug|x64.ActiveCfg = Debug|x64
		{C2935447-E6CD-4F9D-8561-FE372440CAEE}.Debug|x64.Build.0 = Debug|x64
		{C2935447-E6CD-4F9D-8561-FE372440CAEE}.Debug|x86.ActiveCfg = Debug|Win32
		{C2935447-E6CD-4F9D-8561-FE372440CAEE}.Debug|x86.Build.0 = Debug|Win32
		{C2935447-E6CD-4F9D-8561-FE372440CAEE}.Release|Any CPU.ActiveCfg = Release|Win32
		{C2935447-E6CD-4F9D-8561-FE372440CAEE}.Release|x64.ActiveCfg = Release|x64
		{C2935447-E6CD-4F9D-8561-FE372440CAEE}.Release|x64.Build.0 = Release|x64
		{C2935447-E6CD-4F9D-8561-FE372440CAEE}.Release|x86.ActiveCfg = Release|Win32
		{C2935447-E6CD-4F9D-8561-FE372440CAEE}.Release|x86.Build.0 = Release|Win32
		{241038E2-FF9B-41C8-B93C-8057AC32F06D}.Debug|Any CPU.ActiveCfg = Debug|Any CPU
		{241038E2-FF9B-41C8-B93C-8057AC32F06D}.Debug|Any CPU.Build.0 = Debug|Any CPU
		{241038E2-FF9B-41C8-B93C-8057AC32F06D}.Debug|x64.ActiveCfg = Debug|Any CPU
		{241038E2-FF9B-41C8-B93C-8057AC32F06D}.Debug|x64.Build.0 = Debug|Any CPU
		{241038E2-FF9B-41C8-B93C-8057AC32F06D}.Debug|x86.ActiveCfg = Debug|Any CPU
		{241038E2-FF9B-41C8-B93C-8057AC32F06D}.Debug|x86.Build.0 = Debug|Any CPU
		{241038E2-FF9B-41C8-B93C-8057AC32F06D}.Release|Any CPU.ActiveCfg = Release|Any CPU
		{241038E2-FF9B-41C8-B93C-8057AC32F06D}.Release|Any CPU.Build.0 = Release|Any CPU
		{241038E2-FF9B-41C8-B93C-8057AC32F06D}.Release|x64.ActiveCfg = Release|Any CPU
		{241038E2-FF9B-41C8-B93C-8057AC32F06D}.Release|x64.Build.0 = Release|Any CPU
		{241038E2-FF9B-41C8-B93C-8057AC32F06D}.Release|x86.ActiveCfg = Release|Any CPU
		{241038E2-FF9B-41C8-B93C-8057AC32F06D}.Release|x86.Build.0 = Release|Any CPU
	EndGlobalSection
	GlobalSection(SolutionProperties) = preSolution
		HideSolutionNode = FALSE
	EndGlobalSection
	GlobalSection(ExtensibilityGlobals) = postSolution
		SolutionGuid = {3DD77DAB-2535-43A3-BB97-A333ED254414}
	EndGlobalSection
EndGlobal
